
Microsoft Visual Studio Solution File, Format Version 12.00
# Visual Studio Version 16
VisualStudioVersion = 16.0.31105.61
MinimumVisualStudioVersion = 10.0.40219.1
Project("{9A19103F-16F7-4668-BE54-9A1E7A4F7556}") = "Tourplanner", "Tourplanner\Tourplanner.csproj", "{D3013960-CF3F-49D6-AAEB-537BB480843B}"
EndProject
Project("{9A19103F-16F7-4668-BE54-9A1E7A4F7556}") = "Tourplanner.Models", "Tourplanner.Models\Tourplanner.Models.csproj", "{A66170CF-9885-410E-A14B-4F873B7035C5}"
EndProject
Project("{9A19103F-16F7-4668-BE54-9A1E7A4F7556}") = "Tourplanner.BusinessLayer", "Tourplanner.BusinessLayer\Tourplanner.BusinessLayer.csproj", "{4DCAE8A1-E2F9-47C5-BDFE-0D4CA4551A29}"
EndProject
Project("{9A19103F-16F7-4668-BE54-9A1E7A4F7556}") = "Tourplanner.DataAccessLayer", "Tourplanner.DataAccessLayer\Tourplanner.DataAccessLayer.csproj", "{CFECAF96-5BD7-4039-B4B7-01CE334029CC}"
EndProject
Project("{FAE04EC0-301F-11D3-BF4B-00C04F79EFBC}") = "Tourplanner.Test", "Tourplanner.Test\Tourplanner.Test.csproj", "{958E83A2-4DDE-4741-A8C3-6EE1CB8D5B24}"
EndProject
Global
	GlobalSection(SolutionConfigurationPlatforms) = preSolution
		Debug|Any CPU = Debug|Any CPU
		Release|Any CPU = Release|Any CPU
	EndGlobalSection
	GlobalSection(ProjectConfigurationPlatforms) = postSolution
		{D3013960-CF3F-49D6-AAEB-537BB480843B}.Debug|Any CPU.ActiveCfg = Debug|Any CPU
		{D3013960-CF3F-49D6-AAEB-537BB480843B}.Debug|Any CPU.Build.0 = Debug|Any CPU
		{D3013960-CF3F-49D6-AAEB-537BB480843B}.Release|Any CPU.ActiveCfg = Release|Any CPU
		{D3013960-CF3F-49D6-AAEB-537BB480843B}.Release|Any CPU.Build.0 = Release|Any CPU
		{A66170CF-9885-410E-A14B-4F873B7035C5}.Debug|Any CPU.ActiveCfg = Debug|Any CPU
		{A66170CF-9885-410E-A14B-4F873B7035C5}.Debug|Any CPU.Build.0 = Debug|Any CPU
		{A66170CF-9885-410E-A14B-4F873B7035C5}.Release|Any CPU.ActiveCfg = Release|Any CPU
		{A66170CF-9885-410E-A14B-4F873B7035C5}.Release|Any CPU.Build.0 = Release|Any CPU
		{4DCAE8A1-E2F9-47C5-BDFE-0D4CA4551A29}.Debug|Any CPU.ActiveCfg = Debug|Any CPU
		{4DCAE8A1-E2F9-47C5-BDFE-0D4CA4551A29}.Debug|Any CPU.Build.0 = Debug|Any CPU
		{4DCAE8A1-E2F9-47C5-BDFE-0D4CA4551A29}.Release|Any CPU.ActiveCfg = Release|Any CPU
		{4DCAE8A1-E2F9-47C5-BDFE-0D4CA4551A29}.Release|Any CPU.Build.0 = Release|Any CPU
		{CFECAF96-5BD7-4039-B4B7-01CE334029CC}.Debug|Any CPU.ActiveCfg = Debug|Any CPU
		{CFECAF96-5BD7-4039-B4B7-01CE334029CC}.Debug|Any CPU.Build.0 = Debug|Any CPU
		{CFECAF96-5BD7-4039-B4B7-01CE334029CC}.Release|Any CPU.ActiveCfg = Release|Any CPU
		{CFECAF96-5BD7-4039-B4B7-01CE334029CC}.Release|Any CPU.Build.0 = Release|Any CPU
		{958E83A2-4DDE-4741-A8C3-6EE1CB8D5B24}.Debug|Any CPU.ActiveCfg = Debug|Any CPU
		{958E83A2-4DDE-4741-A8C3-6EE1CB8D5B24}.Debug|Any CPU.Build.0 = Debug|Any CPU
		{958E83A2-4DDE-4741-A8C3-6EE1CB8D5B24}.Release|Any CPU.ActiveCfg = Release|Any CPU
		{958E83A2-4DDE-4741-A8C3-6EE1CB8D5B24}.Release|Any CPU.Build.0 = Release|Any CPU
	EndGlobalSection
	GlobalSection(SolutionProperties) = preSolution
		HideSolutionNode = FALSE
	EndGlobalSection
	GlobalSection(ExtensibilityGlobals) = postSolution
		SolutionGuid = {3DA4569E-44E1-4E27-9A1A-C8FFFAADBD6E}
	EndGlobalSection
EndGlobal
